
Microsoft Visual Studio Solution File, Format Version 12.00
# Visual Studio Version 17
VisualStudioVersion = 17.7.34009.444
MinimumVisualStudioVersion = 10.0.40219.1
Project("{FAE04EC0-301F-11D3-BF4B-00C04F79EFBC}") = "LivrosApp", "LivrosApp\LivrosApp.csproj", "{11969572-7F9C-444C-92F9-3DB24F6E176B}"
EndProject
Global
	GlobalSection(SolutionConfigurationPlatforms) = preSolution
		Debug|Any CPU = Debug|Any CPU
		Release|Any CPU = Release|Any CPU
	EndGlobalSection
	GlobalSection(ProjectConfigurationPlatforms) = postSolution
		{11969572-7F9C-444C-92F9-3DB24F6E176B}.Debug|Any CPU.ActiveCfg = Debug|Any CPU
		{11969572-7F9C-444C-92F9-3DB24F6E176B}.Debug|Any CPU.Build.0 = Debug|Any CPU
		{11969572-7F9C-444C-92F9-3DB24F6E176B}.Release|Any CPU.ActiveCfg = Release|Any CPU
		{11969572-7F9C-444C-92F9-3DB24F6E176B}.Release|Any CPU.Build.0 = Release|Any CPU
	EndGlobalSection
	GlobalSection(SolutionProperties) = preSolution
		HideSolutionNode = FALSE
	EndGlobalSection
	GlobalSection(ExtensibilityGlobals) = postSolution
		SolutionGuid = {31B16F83-08EF-406B-85CD-8CB7296BA31E}
	EndGlobalSection
EndGlobal
